
Microsoft Visual Studio Solution File, Format Version 12.00
# Visual Studio Version 17
VisualStudioVersion = 17.9.34728.123
MinimumVisualStudioVersion = 10.0.40219.1
Project("{FAE04EC0-301F-11D3-BF4B-00C04F79EFBC}") = "classi", "classi\classi.csproj", "{1C587700-67F3-4E65-BA0C-7F145321B4FB}"
EndProject
Global
	GlobalSection(SolutionConfigurationPlatforms) = preSolution
		Debug|Any CPU = Debug|Any CPU
		Release|Any CPU = Release|Any CPU
	EndGlobalSection
	GlobalSection(ProjectConfigurationPlatforms) = postSolution
		{1C587700-67F3-4E65-BA0C-7F145321B4FB}.Debug|Any CPU.ActiveCfg = Debug|Any CPU
		{1C587700-67F3-4E65-BA0C-7F145321B4FB}.Debug|Any CPU.Build.0 = Debug|Any CPU
		{1C587700-67F3-4E65-BA0C-7F145321B4FB}.Release|Any CPU.ActiveCfg = Release|Any CPU
		{1C587700-67F3-4E65-BA0C-7F145321B4FB}.Release|Any CPU.Build.0 = Release|Any CPU
	EndGlobalSection
	GlobalSection(SolutionProperties) = preSolution
		HideSolutionNode = FALSE
	EndGlobalSection
	GlobalSection(ExtensibilityGlobals) = postSolution
		SolutionGuid = {AA095028-C9D0-45A3-8C8A-1F53C242E7C1}
	EndGlobalSection
EndGlobal
